
Microsoft Visual Studio Solution File, Format Version 12.00
# Visual Studio 15
Project("{FAE04EC0-301F-11D3-BF4B-00C04F79EFBC}") = "ClimaTempo.Android", "ClimaTempo.Android\ClimaTempo.Android.csproj", "{F2FA8105-FA4D-4499-BEB1-DBB12ADB3144}"
EndProject
Project("{FAE04EC0-301F-11D3-BF4B-00C04F79EFBC}") = "ClimaTempo.iOS", "ClimaTempo.iOS\ClimaTempo.iOS.csproj", "{239C0EDE-DCC2-46A9-AF1D-DA9F0542AA3A}"
EndProject
Project("{FAE04EC0-301F-11D3-BF4B-00C04F79EFBC}") = "ClimaTempo", "ClimaTempo\ClimaTempo.csproj", "{5F677792-CD05-4094-8357-853780113C9A}"
EndProject
Global
	GlobalSection(SolutionConfigurationPlatforms) = preSolution
		Debug|Any CPU = Debug|Any CPU
		Release|Any CPU = Release|Any CPU
		Debug|iPhoneSimulator = Debug|iPhoneSimulator
		Release|iPhoneSimulator = Release|iPhoneSimulator
		Debug|iPhone = Debug|iPhone
		Release|iPhone = Release|iPhone
	EndGlobalSection
	GlobalSection(ProjectConfigurationPlatforms) = postSolution
		{F2FA8105-FA4D-4499-BEB1-DBB12ADB3144}.Debug|Any CPU.ActiveCfg = Debug|Any CPU
		{F2FA8105-FA4D-4499-BEB1-DBB12ADB3144}.Debug|Any CPU.Build.0 = Debug|Any CPU
		{F2FA8105-FA4D-4499-BEB1-DBB12ADB3144}.Release|Any CPU.ActiveCfg = Release|Any CPU
		{F2FA8105-FA4D-4499-BEB1-DBB12ADB3144}.Release|Any CPU.Build.0 = Release|Any CPU
		{F2FA8105-FA4D-4499-BEB1-DBB12ADB3144}.Debug|iPhoneSimulator.ActiveCfg = Debug|Any CPU
		{F2FA8105-FA4D-4499-BEB1-DBB12ADB3144}.Debug|iPhoneSimulator.Build.0 = Debug|Any CPU
		{F2FA8105-FA4D-4499-BEB1-DBB12ADB3144}.Release|iPhoneSimulator.ActiveCfg = Release|Any CPU
		{F2FA8105-FA4D-4499-BEB1-DBB12ADB3144}.Release|iPhoneSimulator.Build.0 = Release|Any CPU
		{F2FA8105-FA4D-4499-BEB1-DBB12ADB3144}.Debug|iPhone.ActiveCfg = Debug|Any CPU
		{F2FA8105-FA4D-4499-BEB1-DBB12ADB3144}.Debug|iPhone.Build.0 = Debug|Any CPU
		{F2FA8105-FA4D-4499-BEB1-DBB12ADB3144}.Release|iPhone.ActiveCfg = Release|Any CPU
		{F2FA8105-FA4D-4499-BEB1-DBB12ADB3144}.Release|iPhone.Build.0 = Release|Any CPU
		{239C0EDE-DCC2-46A9-AF1D-DA9F0542AA3A}.Debug|Any CPU.ActiveCfg = Debug|iPhoneSimulator
		{239C0EDE-DCC2-46A9-AF1D-DA9F0542AA3A}.Debug|Any CPU.Build.0 = Debug|iPhoneSimulator
		{239C0EDE-DCC2-46A9-AF1D-DA9F0542AA3A}.Release|Any CPU.ActiveCfg = Release|iPhoneSimulator
		{239C0EDE-DCC2-46A9-AF1D-DA9F0542AA3A}.Release|Any CPU.Build.0 = Release|iPhoneSimulator
		{239C0EDE-DCC2-46A9-AF1D-DA9F0542AA3A}.Debug|iPhoneSimulator.ActiveCfg = Debug|iPhoneSimulator
		{239C0EDE-DCC2-46A9-AF1D-DA9F0542AA3A}.Debug|iPhoneSimulator.Build.0 = Debug|iPhoneSimulator
		{239C0EDE-DCC2-46A9-AF1D-DA9F0542AA3A}.Release|iPhoneSimulator.ActiveCfg = Release|iPhoneSimulator
		{239C0EDE-DCC2-46A9-AF1D-DA9F0542AA3A}.Release|iPhoneSimulator.Build.0 = Release|iPhoneSimulator
		{239C0EDE-DCC2-46A9-AF1D-DA9F0542AA3A}.Debug|iPhone.ActiveCfg = Debug|iPhone
		{239C0EDE-DCC2-46A9-AF1D-DA9F0542AA3A}.Debug|iPhone.Build.0 = Debug|iPhone
		{239C0EDE-DCC2-46A9-AF1D-DA9F0542AA3A}.Release|iPhone.ActiveCfg = Release|iPhone
		{239C0EDE-DCC2-46A9-AF1D-DA9F0542AA3A}.Release|iPhone.Build.0 = Release|iPhone
		{5F677792-CD05-4094-8357-853780113C9A}.Debug|Any CPU.ActiveCfg = Debug|Any CPU
		{5F677792-CD05-4094-8357-853780113C9A}.Debug|Any CPU.Build.0 = Debug|Any CPU
		{5F677792-CD05-4094-8357-853780113C9A}.Release|Any CPU.ActiveCfg = Release|Any CPU
		{5F677792-CD05-4094-8357-853780113C9A}.Release|Any CPU.Build.0 = Release|Any CPU
		{5F677792-CD05-4094-8357-853780113C9A}.Debug|iPhoneSimulator.ActiveCfg = Debug|Any CPU
		{5F677792-CD05-4094-8357-853780113C9A}.Debug|iPhoneSimulator.Build.0 = Debug|Any CPU
		{5F677792-CD05-4094-8357-853780113C9A}.Release|iPhoneSimulator.ActiveCfg = Release|Any CPU
		{5F677792-CD05-4094-8357-853780113C9A}.Release|iPhoneSimulator.Build.0 = Release|Any CPU
		{5F677792-CD05-4094-8357-853780113C9A}.Debug|iPhone.ActiveCfg = Debug|Any CPU
		{5F677792-CD05-4094-8357-853780113C9A}.Debug|iPhone.Build.0 = Debug|Any CPU
		{5F677792-CD05-4094-8357-853780113C9A}.Release|iPhone.ActiveCfg = Release|Any CPU
		{5F677792-CD05-4094-8357-853780113C9A}.Release|iPhone.Build.0 = Release|Any CPU
	EndGlobalSection
EndGlobal
